// !$*UTF8*$!
{
	archiveVersion = 1;
	classes = {
	};
	objectVersion = 46;
	objects = {

/* Begin PBXBuildFile section */
		79EAF0891B1DDDD2005A4DD7 /* AppDelegate.swift in Sources */ = {isa = PBXBuildFile; fileRef = 79EAF0881B1DDDD2005A4DD7 /* AppDelegate.swift */; };
		79EAF08B1B1DDDD2005A4DD7 /* ViewController.swift in Sources */ = {isa = PBXBuildFile; fileRef = 79EAF08A1B1DDDD2005A4DD7 /* ViewController.swift */; };
		79EAF08E1B1DDDD2005A4DD7 /* Main.storyboard in Resources */ = {isa = PBXBuildFile; fileRef = 79EAF08C1B1DDDD2005A4DD7 /* Main.storyboard */; };
		79EAF0901B1DDDD2005A4DD7 /* Images.xcassets in Resources */ = {isa = PBXBuildFile; fileRef = 79EAF08F1B1DDDD2005A4DD7 /* Images.xcassets */; };
		79EAF0931B1DDDD2005A4DD7 /* LaunchScreen.xib in Resources */ = {isa = PBXBuildFile; fileRef = 79EAF0911B1DDDD2005A4DD7 /* LaunchScreen.xib */; };
		79EAF0B01B1DDE00005A4DD7 /* CreditCardValidationType.swift in Sources */ = {isa = PBXBuildFile; fileRef = 79EAF0AE1B1DDE00005A4DD7 /* CreditCardValidationType.swift */; };
		79EAF0B11B1DDE00005A4DD7 /* CreditCardValidator.swift in Sources */ = {isa = PBXBuildFile; fileRef = 79EAF0AF1B1DDE00005A4DD7 /* CreditCardValidator.swift */; };
/* End PBXBuildFile section */

/* Begin PBXFileReference section */
		79EAF0831B1DDDD2005A4DD7 /* CreditCardValidatorExample.app */ = {isa = PBXFileReference; explicitFileType = wrapper.application; includeInIndex = 0; path = CreditCardValidatorExample.app; sourceTree = BUILT_PRODUCTS_DIR; };
		79EAF0871B1DDDD2005A4DD7 /* Info.plist */ = {isa = PBXFileReference; lastKnownFileType = text.plist.xml; path = Info.plist; sourceTree = "<group>"; };
		79EAF0881B1DDDD2005A4DD7 /* AppDelegate.swift */ = {isa = PBXFileReference; lastKnownFileType = sourcecode.swift; path = AppDelegate.swift; sourceTree = "<group>"; };
		79EAF08A1B1DDDD2005A4DD7 /* ViewController.swift */ = {isa = PBXFileReference; lastKnownFileType = sourcecode.swift; path = ViewController.swift; sourceTree = "<group>"; };
		79EAF08D1B1DDDD2005A4DD7 /* Base */ = {isa = PBXFileReference; lastKnownFileType = file.storyboard; name = Base; path = Base.lproj/Main.storyboard; sourceTree = "<group>"; };
		79EAF08F1B1DDDD2005A4DD7 /* Images.xcassets */ = {isa = PBXFileReference; lastKnownFileType = folder.assetcatalog; path = Images.xcassets; sourceTree = "<group>"; };
		79EAF0921B1DDDD2005A4DD7 /* Base */ = {isa = PBXFileReference; lastKnownFileType = file.xib; name = Base; path = Base.lproj/LaunchScreen.xib; sourceTree = "<group>"; };
		79EAF0AE1B1DDE00005A4DD7 /* CreditCardValidationType.swift */ = {isa = PBXFileReference; fileEncoding = 4; lastKnownFileType = sourcecode.swift; path = CreditCardValidationType.swift; sourceTree = "<group>"; };
		79EAF0AF1B1DDE00005A4DD7 /* CreditCardValidator.swift */ = {isa = PBXFileReference; fileEncoding = 4; lastKnownFileType = sourcecode.swift; path = CreditCardValidator.swift; sourceTree = "<group>"; };
/* End PBXFileReference section */

/* Begin PBXFrameworksBuildPhase section */
		79EAF0801B1DDDD2005A4DD7 /* Frameworks */ = {
			isa = PBXFrameworksBuildPhase;
			buildActionMask = 2147483647;
			files = (
			);
			runOnlyForDeploymentPostprocessing = 0;
		};
/* End PBXFrameworksBuildPhase section */

/* Begin PBXGroup section */
		79EAF07A1B1DDDD2005A4DD7 = {
			isa = PBXGroup;
			children = (
				79EAF0851B1DDDD2005A4DD7 /* CreditCardValidatorExample */,
				79EAF0841B1DDDD2005A4DD7 /* Products */,
			);
			sourceTree = "<group>";
		};
		79EAF0841B1DDDD2005A4DD7 /* Products */ = {
			isa = PBXGroup;
			children = (
				79EAF0831B1DDDD2005A4DD7 /* CreditCardValidatorExample.app */,
			);
			name = Products;
			sourceTree = "<group>";
		};
		79EAF0851B1DDDD2005A4DD7 /* CreditCardValidatorExample */ = {
			isa = PBXGroup;
			children = (
				79EAF0881B1DDDD2005A4DD7 /* AppDelegate.swift */,
				79EAF08A1B1DDDD2005A4DD7 /* ViewController.swift */,
				79EAF08C1B1DDDD2005A4DD7 /* Main.storyboard */,
				79EAF08F1B1DDDD2005A4DD7 /* Images.xcassets */,
				79EAF0911B1DDDD2005A4DD7 /* LaunchScreen.xib */,
				79EAF0AD1B1DDE00005A4DD7 /* CreditCardValidator */,
				79EAF0861B1DDDD2005A4DD7 /* Supporting Files */,
			);
			path = CreditCardValidatorExample;
			sourceTree = "<group>";
		};
		79EAF0861B1DDDD2005A4DD7 /* Supporting Files */ = {
			isa = PBXGroup;
			children = (
				79EAF0871B1DDDD2005A4DD7 /* Info.plist */,
			);
			name = "Supporting Files";
			sourceTree = "<group>";
		};
		79EAF0AD1B1DDE00005A4DD7 /* CreditCardValidator */ = {
			isa = PBXGroup;
			children = (
				79EAF0AE1B1DDE00005A4DD7 /* CreditCardValidationType.swift */,
				79EAF0AF1B1DDE00005A4DD7 /* CreditCardValidator.swift */,
			);
			name = CreditCardValidator;
			path = ../../CreditCardValidator;
			sourceTree = "<group>";
		};
/* End PBXGroup section */

/* Begin PBXNativeTarget section */
		79EAF0821B1DDDD2005A4DD7 /* CreditCardValidatorExample */ = {
			isa = PBXNativeTarget;
			buildConfigurationList = 79EAF0A21B1DDDD2005A4DD7 /* Build configuration list for PBXNativeTarget "CreditCardValidatorExample" */;
			buildPhases = (
				79EAF07F1B1DDDD2005A4DD7 /* Sources */,
				79EAF0801B1DDDD2005A4DD7 /* Frameworks */,
				79EAF0811B1DDDD2005A4DD7 /* Resources */,
			);
			buildRules = (
			);
			dependencies = (
			);
			name = CreditCardValidatorExample;
			productName = CreditCardValidatorExample;
			productReference = 79EAF0831B1DDDD2005A4DD7 /* CreditCardValidatorExample.app */;
			productType = "com.apple.product-type.application";
		};
/* End PBXNativeTarget section */

/* Begin PBXProject section */
		79EAF07B1B1DDDD2005A4DD7 /* Project object */ = {
			isa = PBXProject;
			attributes = {
				LastSwiftMigration = 0700;
				LastSwiftUpdateCheck = 0700;
				LastUpgradeCheck = 0630;
				ORGANIZATIONNAME = "Kuzmenko Family";
				TargetAttributes = {
					79EAF0821B1DDDD2005A4DD7 = {
						CreatedOnToolsVersion = 6.3.2;
						DevelopmentTeam = BAB9S686K5;
						LastSwiftMigration = 0800;
					};
				};
			};
			buildConfigurationList = 79EAF07E1B1DDDD2005A4DD7 /* Build configuration list for PBXProject "CreditCardValidatorExample" */;
			compatibilityVersion = "Xcode 3.2";
			developmentRegion = English;
			hasScannedForEncodings = 0;
			knownRegions = (
				en,
				Base,
			);
			mainGroup = 79EAF07A1B1DDDD2005A4DD7;
			productRefGroup = 79EAF0841B1DDDD2005A4DD7 /* Products */;
			projectDirPath = "";
			projectRoot = "";
			targets = (
				79EAF0821B1DDDD2005A4DD7 /* CreditCardValidatorExample */,
			);
		};
/* End PBXProject section */

/* Begin PBXResourcesBuildPhase section */
		79EAF0811B1DDDD2005A4DD7 /* Resources */ = {
			isa = PBXResourcesBuildPhase;
			buildActionMask = 2147483647;
			files = (
				79EAF08E1B1DDDD2005A4DD7 /* Main.storyboard in Resources */,
				79EAF0931B1DDDD2005A4DD7 /* LaunchScreen.xib in Resources */,
				79EAF0901B1DDDD2005A4DD7 /* Images.xcassets in Resources */,
			);
			runOnlyForDeploymentPostprocessing = 0;
		};
/* End PBXResourcesBuildPhase section */

/* Begin PBXSourcesBuildPhase section */
		79EAF07F1B1DDDD2005A4DD7 /* Sources */ = {
			isa = PBXSourcesBuildPhase;
			buildActionMask = 2147483647;
			files = (
				79EAF0B01B1DDE00005A4DD7 /* CreditCardValidationType.swift in Sources */,
				79EAF08B1B1DDDD2005A4DD7 /* ViewController.swift in Sources */,
				79EAF0891B1DDDD2005A4DD7 /* AppDelegate.swift in Sources */,
				79EAF0B11B1DDE00005A4DD7 /* CreditCardValidator.swift in Sources */,
			);
			runOnlyForDeploymentPostprocessing = 0;
		};
/* End PBXSourcesBuildPhase section */

/* Begin PBXVariantGroup section */
		79EAF08C1B1DDDD2005A4DD7 /* Main.storyboard */ = {
			isa = PBXVariantGroup;
			children = (
				79EAF08D1B1DDDD2005A4DD7 /* Base */,
			);
			name = Main.storyboard;
			sourceTree = "<group>";
		};
		79EAF0911B1DDDD2005A4DD7 /* LaunchScreen.xib */ = {
			isa = PBXVariantGroup;
			children = (
				79EAF0921B1DDDD2005A4DD7 /* Base */,
			);
			name = LaunchScreen.xib;
			sourceTree = "<group>";
		};
/* End PBXVariantGroup section */

/* Begin XCBuildConfiguration section */
		79EAF0A01B1DDDD2005A4DD7 /* Debug */ = {
			isa = XCBuildConfiguration;
			buildSettings = {
				ALWAYS_SEARCH_USER_PATHS = NO;
				CLANG_CXX_LANGUAGE_STANDARD = "gnu++0x";
				CLANG_CXX_LIBRARY = "libc++";
				CLANG_ENABLE_MODULES = YES;
				CLANG_ENABLE_OBJC_ARC = YES;
				CLANG_WARN_BOOL_CONVERSION = YES;
				CLANG_WARN_CONSTANT_CONVERSION = YES;
				CLANG_WARN_DIRECT_OBJC_ISA_USAGE = YES_ERROR;
				CLANG_WARN_EMPTY_BODY = YES;
				CLANG_WARN_ENUM_CONVERSION = YES;
				CLANG_WARN_INT_CONVERSION = YES;
				CLANG_WARN_OBJC_ROOT_CLASS = YES_ERROR;
				CLANG_WARN_UNREACHABLE_CODE = YES;
				CLANG_WARN__DUPLICATE_METHOD_MATCH = YES;
				"CODE_SIGN_IDENTITY[sdk=iphoneos*]" = "iPhone Developer";
				COPY_PHASE_STRIP = NO;
				DEBUG_INFORMATION_FORMAT = "dwarf-with-dsym";
				ENABLE_STRICT_OBJC_MSGSEND = YES;
				GCC_C_LANGUAGE_STANDARD = gnu99;
				GCC_DYNAMIC_NO_PIC = NO;
				GCC_NO_COMMON_BLOCKS = YES;
				GCC_OPTIMIZATION_LEVEL = 0;
				GCC_PREPROCESSOR_DEFINITIONS = (
					"DEBUG=1",
					"$(inherited)",
				);
				GCC_SYMBOLS_PRIVATE_EXTERN = NO;
				GCC_WARN_64_TO_32_BIT_CONVERSION = YES;
				GCC_WARN_ABOUT_RETURN_TYPE = YES_ERROR;
				GCC_WARN_UNDECLARED_SELECTOR = YES;
				GCC_WARN_UNINITIALIZED_AUTOS = YES_AGGRESSIVE;
				GCC_WARN_UNUSED_FUNCTION = YES;
				GCC_WARN_UNUSED_VARIABLE = YES;
				IPHONEOS_DEPLOYMENT_TARGET = 8.3;
				MTL_ENABLE_DEBUG_INFO = YES;
				ONLY_ACTIVE_ARCH = YES;
				SDKROOT = iphoneos;
				SWIFT_OPTIMIZATION_LEVEL = "-Onone";
				SWIFT_VERSION = 2.3;
				TARGETED_DEVICE_FAMILY = "1,2";
			};
			name = Debug;
		};
		79EAF0A11B1DDDD2005A4DD7 /* Release */ = {
			isa = XCBuildConfiguration;
			buildSettings = {
				ALWAYS_SEARCH_USER_PATHS = NO;
				CLANG_CXX_LANGUAGE_STANDARD = "gnu++0x";
				CLANG_CXX_LIBRARY = "libc++";
				CLANG_ENABLE_MODULES = YES;
				CLANG_ENABLE_OBJC_ARC = YES;
				CLANG_WARN_BOOL_CONVERSION = YES;
				CLANG_WARN_CONSTANT_CONVERSION = YES;
				CLANG_WARN_DIRECT_OBJC_ISA_USAGE = YES_ERROR;
				CLANG_WARN_EMPTY_BODY = YES;
				CLANG_WARN_ENUM_CONVERSION = YES;
				CLANG_WARN_INT_CONVERSION = YES;
				CLANG_WARN_OBJC_ROOT_CLASS = YES_ERROR;
				CLANG_WARN_UNREACHABLE_CODE = YES;
				CLANG_WARN__DUPLICATE_METHOD_MATCH = YES;
				"CODE_SIGN_IDENTITY[sdk=iphoneos*]" = "iPhone Developer";
				COPY_PHASE_STRIP = NO;
				DEBUG_INFORMATION_FORMAT = "dwarf-with-dsym";
				ENABLE_NS_ASSERTIONS = NO;
				ENABLE_STRICT_OBJC_MSGSEND = YES;
				GCC_C_LANGUAGE_STANDARD = gnu99;
				GCC_NO_COMMON_BLOCKS = YES;
				GCC_WARN_64_TO_32_BIT_CONVERSION = YES;
				GCC_WARN_ABOUT_RETURN_TYPE = YES_ERROR;
				GCC_WARN_UNDECLARED_SELECTOR = YES;
				GCC_WARN_UNINITIALIZED_AUTOS = YES_AGGRESSIVE;
				GCC_WARN_UNUSED_FUNCTION = YES;
				GCC_WARN_UNUSED_VARIABLE = YES;
				IPHONEOS_DEPLOYMENT_TARGET = 8.3;
				MTL_ENABLE_DEBUG_INFO = NO;
				SDKROOT = iphoneos;
				SWIFT_VERSION = 2.3;
				TARGETED_DEVICE_FAMILY = "1,2";
				VALIDATE_PRODUCT = YES;
			};
			name = Release;
		};
		79EAF0A31B1DDDD2005A4DD7 /* Debug */ = {
			isa = XCBuildConfiguration;
			buildSettings = {
				ASSETCATALOG_COMPILER_APPICON_NAME = AppIcon;
				DEVELOPMENT_TEAM = BAB9S686K5;
				INFOPLIST_FILE = CreditCardValidatorExample/Info.plist;
				LD_RUNPATH_SEARCH_PATHS = "$(inherited) @executable_path/Frameworks";
				PRODUCT_NAME = "$(TARGET_NAME)";
				SWIFT_VERSION = 2.3;
			};
			name = Debug;
		};
		79EAF0A41B1DDDD2005A4DD7 /* Release */ = {
			isa = XCBuildConfiguration;
			buildSettings = {
				ASSETCATALOG_COMPILER_APPICON_NAME = AppIcon;
				DEVELOPMENT_TEAM = BAB9S686K5;
				INFOPLIST_FILE = CreditCardValidatorExample/Info.plist;
				LD_RUNPATH_SEARCH_PATHS = "$(inherited) @executable_path/Frameworks";
				PRODUCT_NAME = "$(TARGET_NAME)";
				SWIFT_VERSION = 2.3;
			};
			name = Release;
		};
/* End XCBuildConfiguration section */

/* Begin XCConfigurationList section */
		79EAF07E1B1DDDD2005A4DD7 /* Build configuration list for PBXProject "CreditCardValidatorExample" */ = {
			isa = XCConfigurationList;
			buildConfigurations = (
				79EAF0A01B1DDDD2005A4DD7 /* Debug */,
				79EAF0A11B1DDDD2005A4DD7 /* Release */,
			);
			defaultConfigurationIsVisible = 0;
			defaultConfigurationName = Release;
		};
		79EAF0A21B1DDDD2005A4DD7 /* Build configuration list for PBXNativeTarget "CreditCardValidatorExample" */ = {
			isa = XCConfigurationList;
			buildConfigurations = (
				79EAF0A31B1DDDD2005A4DD7 /* Debug */,
				79EAF0A41B1DDDD2005A4DD7 /* Release */,
			);
			defaultConfigurationIsVisible = 0;
			defaultConfigurationName = Release;
		};
/* End XCConfigurationList section */
	};
	rootObject = 79EAF07B1B1DDDD2005A4DD7 /* Project object */;
}
